
Microsoft Visual Studio Solution File, Format Version 12.00
# Visual Studio Version 17
VisualStudioVersion = 17.7.34003.232
MinimumVisualStudioVersion = 10.0.40219.1
Project("{FAE04EC0-301F-11D3-BF4B-00C04F79EFBC}") = "Unsplash-v1", "Unsplash-v1.csproj", "{DBD2B342-A52E-4BB6-9DF4-DB736F4E5FEE}"
EndProject
Global
	GlobalSection(SolutionConfigurationPlatforms) = preSolution
		Debug|Any CPU = Debug|Any CPU
		Release|Any CPU = Release|Any CPU
	EndGlobalSection
	GlobalSection(ProjectConfigurationPlatforms) = postSolution
		{DBD2B342-A52E-4BB6-9DF4-DB736F4E5FEE}.Debug|Any CPU.ActiveCfg = Debug|Any CPU
		{DBD2B342-A52E-4BB6-9DF4-DB736F4E5FEE}.Debug|Any CPU.Build.0 = Debug|Any CPU
		{DBD2B342-A52E-4BB6-9DF4-DB736F4E5FEE}.Release|Any CPU.ActiveCfg = Release|Any CPU
		{DBD2B342-A52E-4BB6-9DF4-DB736F4E5FEE}.Release|Any CPU.Build.0 = Release|Any CPU
	EndGlobalSection
	GlobalSection(SolutionProperties) = preSolution
		HideSolutionNode = FALSE
	EndGlobalSection
	GlobalSection(ExtensibilityGlobals) = postSolution
		SolutionGuid = {05523E94-14F5-4334-B0D8-735E4E7B3A99}
	EndGlobalSection
EndGlobal
